
Microsoft Visual Studio Solution File, Format Version 12.00
# Visual Studio Version 17
VisualStudioVersion = 17.11.35327.3
MinimumVisualStudioVersion = 10.0.40219.1
Project("{9A19103F-16F7-4668-BE54-9A1E7A4F7556}") = "Question1", "Question1\Question1.csproj", "{0297475A-9D0A-4DF6-977A-02C6A88D165E}"
EndProject
Project("{9A19103F-16F7-4668-BE54-9A1E7A4F7556}") = "Question2-5", "Question2-5\Question2-5.csproj", "{EE42E220-0E37-4878-9519-D1A906C6C707}"
EndProject
Project("{9A19103F-16F7-4668-BE54-9A1E7A4F7556}") = "Question6", "Question6\Question6.csproj", "{536DA3FA-FF77-44B9-89A8-658EB90DE42C}"
EndProject
Project("{9A19103F-16F7-4668-BE54-9A1E7A4F7556}") = "Question7", "Question7\Question7.csproj", "{C1966D55-6389-4C7F-97AD-13A9B5E0395F}"
EndProject
Project("{2150E333-8FDC-42A3-9474-1A3956D46DE8}") = "Solution Items", "Solution Items", "{B62E8805-3013-4832-B5B5-4D567373292D}"
	ProjectSection(SolutionItems) = preProject
		.gitignore = .gitignore
	EndProjectSection
EndProject
Global
	GlobalSection(SolutionConfigurationPlatforms) = preSolution
		Debug|Any CPU = Debug|Any CPU
		Release|Any CPU = Release|Any CPU
	EndGlobalSection
	GlobalSection(ProjectConfigurationPlatforms) = postSolution
		{0297475A-9D0A-4DF6-977A-02C6A88D165E}.Debug|Any CPU.ActiveCfg = Debug|Any CPU
		{0297475A-9D0A-4DF6-977A-02C6A88D165E}.Debug|Any CPU.Build.0 = Debug|Any CPU
		{0297475A-9D0A-4DF6-977A-02C6A88D165E}.Release|Any CPU.ActiveCfg = Release|Any CPU
		{0297475A-9D0A-4DF6-977A-02C6A88D165E}.Release|Any CPU.Build.0 = Release|Any CPU
		{EE42E220-0E37-4878-9519-D1A906C6C707}.Debug|Any CPU.ActiveCfg = Debug|Any CPU
		{EE42E220-0E37-4878-9519-D1A906C6C707}.Debug|Any CPU.Build.0 = Debug|Any CPU
		{EE42E220-0E37-4878-9519-D1A906C6C707}.Release|Any CPU.ActiveCfg = Release|Any CPU
		{EE42E220-0E37-4878-9519-D1A906C6C707}.Release|Any CPU.Build.0 = Release|Any CPU
		{536DA3FA-FF77-44B9-89A8-658EB90DE42C}.Debug|Any CPU.ActiveCfg = Debug|Any CPU
		{536DA3FA-FF77-44B9-89A8-658EB90DE42C}.Debug|Any CPU.Build.0 = Debug|Any CPU
		{536DA3FA-FF77-44B9-89A8-658EB90DE42C}.Release|Any CPU.ActiveCfg = Release|Any CPU
		{536DA3FA-FF77-44B9-89A8-658EB90DE42C}.Release|Any CPU.Build.0 = Release|Any CPU
		{C1966D55-6389-4C7F-97AD-13A9B5E0395F}.Debug|Any CPU.ActiveCfg = Debug|Any CPU
		{C1966D55-6389-4C7F-97AD-13A9B5E0395F}.Debug|Any CPU.Build.0 = Debug|Any CPU
		{C1966D55-6389-4C7F-97AD-13A9B5E0395F}.Release|Any CPU.ActiveCfg = Release|Any CPU
		{C1966D55-6389-4C7F-97AD-13A9B5E0395F}.Release|Any CPU.Build.0 = Release|Any CPU
	EndGlobalSection
	GlobalSection(SolutionProperties) = preSolution
		HideSolutionNode = FALSE
	EndGlobalSection
	GlobalSection(ExtensibilityGlobals) = postSolution
		SolutionGuid = {8501C9F4-065C-4A03-8A46-451091FCA7F7}
	EndGlobalSection
EndGlobal
