
Microsoft Visual Studio Solution File, Format Version 12.00
# Visual Studio Version 17
VisualStudioVersion = 17.11.35327.3
MinimumVisualStudioVersion = 10.0.40219.1
Project("{9A19103F-16F7-4668-BE54-9A1E7A4F7556}") = "Question3", "Question3\Question3.csproj", "{C4ECEA78-27EA-4674-8004-B53D478520B1}"
EndProject
Project("{9A19103F-16F7-4668-BE54-9A1E7A4F7556}") = "Question4", "Question4\Question4.csproj", "{D8FCF8EE-9D21-4A9F-99A9-728AAA92EED3}"
EndProject
Project("{9A19103F-16F7-4668-BE54-9A1E7A4F7556}") = "Question5", "Question5\Question5.csproj", "{FB2C31D9-4AEB-4912-A079-3DD48C8F452E}"
EndProject
Project("{2150E333-8FDC-42A3-9474-1A3956D46DE8}") = "Solution Items", "Solution Items", "{F533C516-035A-43D5-B6B1-089DBAC2988B}"
	ProjectSection(SolutionItems) = preProject
		.gitignore = .gitignore
	EndProjectSection
EndProject
Global
	GlobalSection(SolutionConfigurationPlatforms) = preSolution
		Debug|Any CPU = Debug|Any CPU
		Release|Any CPU = Release|Any CPU
	EndGlobalSection
	GlobalSection(ProjectConfigurationPlatforms) = postSolution
		{C4ECEA78-27EA-4674-8004-B53D478520B1}.Debug|Any CPU.ActiveCfg = Debug|Any CPU
		{C4ECEA78-27EA-4674-8004-B53D478520B1}.Debug|Any CPU.Build.0 = Debug|Any CPU
		{C4ECEA78-27EA-4674-8004-B53D478520B1}.Release|Any CPU.ActiveCfg = Release|Any CPU
		{C4ECEA78-27EA-4674-8004-B53D478520B1}.Release|Any CPU.Build.0 = Release|Any CPU
		{D8FCF8EE-9D21-4A9F-99A9-728AAA92EED3}.Debug|Any CPU.ActiveCfg = Debug|Any CPU
		{D8FCF8EE-9D21-4A9F-99A9-728AAA92EED3}.Debug|Any CPU.Build.0 = Debug|Any CPU
		{D8FCF8EE-9D21-4A9F-99A9-728AAA92EED3}.Release|Any CPU.ActiveCfg = Release|Any CPU
		{D8FCF8EE-9D21-4A9F-99A9-728AAA92EED3}.Release|Any CPU.Build.0 = Release|Any CPU
		{FB2C31D9-4AEB-4912-A079-3DD48C8F452E}.Debug|Any CPU.ActiveCfg = Debug|Any CPU
		{FB2C31D9-4AEB-4912-A079-3DD48C8F452E}.Debug|Any CPU.Build.0 = Debug|Any CPU
		{FB2C31D9-4AEB-4912-A079-3DD48C8F452E}.Release|Any CPU.ActiveCfg = Release|Any CPU
		{FB2C31D9-4AEB-4912-A079-3DD48C8F452E}.Release|Any CPU.Build.0 = Release|Any CPU
	EndGlobalSection
	GlobalSection(SolutionProperties) = preSolution
		HideSolutionNode = FALSE
	EndGlobalSection
	GlobalSection(ExtensibilityGlobals) = postSolution
		SolutionGuid = {073F48D2-1AFB-45DC-8AFC-F281ECAA5DAC}
	EndGlobalSection
EndGlobal
